
Microsoft Visual Studio Solution File, Format Version 12.00
# Visual Studio Version 17
VisualStudioVersion = 17.0.31903.59
MinimumVisualStudioVersion = 10.0.40219.1
Project("{FAE04EC0-301F-11D3-BF4B-00C04F79EFBC}") = "API", "API\API.csproj", "{CAFCE0A5-B11F-4688-B4D0-C18917F530CA}"
EndProject
Global
	GlobalSection(SolutionConfigurationPlatforms) = preSolution
		Debug|Any CPU = Debug|Any CPU
		Release|Any CPU = Release|Any CPU
	EndGlobalSection
	GlobalSection(SolutionProperties) = preSolution
		HideSolutionNode = FALSE
	EndGlobalSection
	GlobalSection(ProjectConfigurationPlatforms) = postSolution
		{CAFCE0A5-B11F-4688-B4D0-C18917F530CA}.Debug|Any CPU.ActiveCfg = Debug|Any CPU
		{CAFCE0A5-B11F-4688-B4D0-C18917F530CA}.Debug|Any CPU.Build.0 = Debug|Any CPU
		{CAFCE0A5-B11F-4688-B4D0-C18917F530CA}.Release|Any CPU.ActiveCfg = Release|Any CPU
		{CAFCE0A5-B11F-4688-B4D0-C18917F530CA}.Release|Any CPU.Build.0 = Release|Any CPU
	EndGlobalSection
EndGlobal
